
Microsoft Visual Studio Solution File, Format Version 12.00
# Visual Studio Version 17
VisualStudioVersion = 17.4.33103.184
MinimumVisualStudioVersion = 10.0.40219.1
Project("{FAE04EC0-301F-11D3-BF4B-00C04F79EFBC}") = "ReservationSystemForGamingPub", "ReservationSystemForGamingPub\ReservationSystemForGamingPub.csproj", "{6E9AEC5A-724A-4DBA-917A-1024B84488AE}"
EndProject
Global
	GlobalSection(SolutionConfigurationPlatforms) = preSolution
		Debug|Any CPU = Debug|Any CPU
		Release|Any CPU = Release|Any CPU
	EndGlobalSection
	GlobalSection(ProjectConfigurationPlatforms) = postSolution
		{6E9AEC5A-724A-4DBA-917A-1024B84488AE}.Debug|Any CPU.ActiveCfg = Debug|Any CPU
		{6E9AEC5A-724A-4DBA-917A-1024B84488AE}.Debug|Any CPU.Build.0 = Debug|Any CPU
		{6E9AEC5A-724A-4DBA-917A-1024B84488AE}.Release|Any CPU.ActiveCfg = Release|Any CPU
		{6E9AEC5A-724A-4DBA-917A-1024B84488AE}.Release|Any CPU.Build.0 = Release|Any CPU
	EndGlobalSection
	GlobalSection(SolutionProperties) = preSolution
		HideSolutionNode = FALSE
	EndGlobalSection
	GlobalSection(ExtensibilityGlobals) = postSolution
		SolutionGuid = {518DDEA9-FAD6-4D13-9D9F-3667019EF0F2}
	EndGlobalSection
EndGlobal
